<?xml version="1.0" encoding="UTF-8" standalone="yes" ?>
<CodeBlocks_project_file>
	<FileVersion major="1" minor="6" />
	<Project>
		<Option title="BreakoutLevelEditor" />
		<Option pch_mode="2" />
		<Option compiler="gcc" />
		<Build>
			<Target title="Debug">
				<Option output="bin/Debug/BreakoutLevelEditor" prefix_auto="1" extension_auto="1" />
				<Option object_output="obj/Debug/" />
				<Option type="1" />
				<Option compiler="gcc" />
				<Compiler>
					<Add option="-g" />
					<Add directory="include" />
				</Compiler>
			</Target>
			<Target title="Release">
				<Option output="bin/Release/BreakoutLevelEditor" prefix_auto="1" extension_auto="1" />
				<Option object_output="obj/Release/" />
				<Option type="0" />
				<Option compiler="gcc" />
				<Compiler>
					<Add option="-O2" />
					<Add directory="include" />
				</Compiler>
				<Linker>
					<Add option="-s" />
				</Linker>
			</Target>
		</Build>
		<Compiler>
			<Add option="-Wall" />
			<Add option="-fexceptions" />
			<Add directory="../../../../../Allegro522_MinGW5303v2/include" />
		</Compiler>
		<Linker>
			<Add option="-static" />
			<Add option="-lallegro_monolith-debug-static" />
			<Add option="-lallegro_monolith-static" />
			<Add option="-lallegro_monolith-debug.dll" />
			<Add option="-lallegro_monolith.dll" />
			<Add option="-ldumb" />
			<Add option="-lFLAC" />
			<Add option="-lvorbisfile" />
			<Add option="-lvorbis" />
			<Add option="-lfreetype" />
			<Add option="-logg" />
			<Add option="-lpng16" />
			<Add option="-lzlibstatic" />
			<Add option="-lgdiplus" />
			<Add option="-luuid" />
			<Add option="-lkernel32" />
			<Add option="-lwinmm" />
			<Add option="-lpsapi" />
			<Add option="-lopengl32" />
			<Add option="-lglu32" />
			<Add option="-luser32" />
			<Add option="-lcomdlg32" />
			<Add option="-lgdi32" />
			<Add option="-lshell32" />
			<Add option="-lole32" />
			<Add option="-ladvapi32" />
			<Add option="-lws2_32" />
			<Add option="-lshlwapi" />
			<Add option="-ldsound" />
			<Add library="../../../../../Allegro522_MinGW5303v2/lib/liballegro_monolith.dll.a" />
			<Add library="../../../../../Allegro522_MinGW5303v2/lib/liballegro_monolith-debug.dll.a" />
			<Add library="../../../../../Allegro522_MinGW5303v2/lib/liballegro_monolith-debug-static.a" />
			<Add library="../../../../../Allegro522_MinGW5303v2/lib/liballegro_monolith-profile.dll.a" />
			<Add library="../../../../../Allegro522_MinGW5303v2/lib/liballegro_monolith-profile-static.a" />
			<Add library="../../../../../Allegro522_MinGW5303v2/lib/liballegro_monolith-static.a" />
			<Add library="../../../../../Allegro522_MinGW5303v2/lib/libdumb.a" />
			<Add library="../../../../../Allegro522_MinGW5303v2/lib/libenet.dll.a" />
			<Add library="../../../../../Allegro522_MinGW5303v2/lib/libenet.static.a" />
			<Add library="../../../../../Allegro522_MinGW5303v2/lib/libenet_static.a" />
			<Add library="../../../../../Allegro522_MinGW5303v2/lib/libFLAC.a" />
			<Add library="../../../../../Allegro522_MinGW5303v2/lib/libFLAC.dll.a" />
			<Add library="../../../../../Allegro522_MinGW5303v2/lib/libFLAC++.a" />
			<Add library="../../../../../Allegro522_MinGW5303v2/lib/libFLAC++.dll.a" />
			<Add library="../../../../../Allegro522_MinGW5303v2/lib/libfreetype.a" />
			<Add library="../../../../../Allegro522_MinGW5303v2/lib/libfreetype.dll.a" />
			<Add library="../../../../../Allegro522_MinGW5303v2/lib/libjpeg.a" />
			<Add library="../../../../../Allegro522_MinGW5303v2/lib/libjpeg.dll.a" />
			<Add library="../../../../../Allegro522_MinGW5303v2/lib/libogg.a" />
			<Add library="../../../../../Allegro522_MinGW5303v2/lib/libogg.dll.a" />
			<Add library="../../../../../Allegro522_MinGW5303v2/lib/libphysfs.a" />
			<Add library="../../../../../Allegro522_MinGW5303v2/lib/libphysfs.dll.a" />
			<Add library="../../../../../Allegro522_MinGW5303v2/lib/libpng.a" />
			<Add library="../../../../../Allegro522_MinGW5303v2/lib/libpng.dll.a" />
			<Add library="../../../../../Allegro522_MinGW5303v2/lib/libpng16.a" />
			<Add library="../../../../../Allegro522_MinGW5303v2/lib/libpng16.dll.a" />
			<Add library="../../../../../Allegro522_MinGW5303v2/lib/libtheora.a" />
			<Add library="../../../../../Allegro522_MinGW5303v2/lib/libtheora.dll.a" />
			<Add library="../../../../../Allegro522_MinGW5303v2/lib/libtheoradec.a" />
			<Add library="../../../../../Allegro522_MinGW5303v2/lib/libtheoradec.dll.a" />
			<Add library="../../../../../Allegro522_MinGW5303v2/lib/libtheoraenc.a" />
			<Add library="../../../../../Allegro522_MinGW5303v2/lib/libtheoraenc.dll.a" />
			<Add library="../../../../../Allegro522_MinGW5303v2/lib/libturbojpeg.a" />
			<Add library="../../../../../Allegro522_MinGW5303v2/lib/libturbojpeg.dll.a" />
			<Add library="../../../../../Allegro522_MinGW5303v2/lib/libvorbis.a" />
			<Add library="../../../../../Allegro522_MinGW5303v2/lib/libvorbis.dll.a" />
			<Add library="../../../../../Allegro522_MinGW5303v2/lib/libvorbisenc.a" />
			<Add library="../../../../../Allegro522_MinGW5303v2/lib/libvorbisenc.dll.a" />
			<Add library="../../../../../Allegro522_MinGW5303v2/lib/libvorbisfile.a" />
			<Add library="../../../../../Allegro522_MinGW5303v2/lib/libvorbisfile.dll.a" />
			<Add library="../../../../../Allegro522_MinGW5303v2/lib/libzlib.dll.a" />
			<Add library="../../../../../Allegro522_MinGW5303v2/lib/libzlibstatic.a" />
			<Add directory="../../../../../Allegro522_MinGW5303v2/lib" />
			<Add directory="../../../../../Allegro522_MinGW5303v2/include" />
			<Add directory="../../../../Allegro522_MinGW5303v2/bin/dlls" />
		</Linker>
		<Unit filename="include/LevelArea.h" />
		<Unit filename="include/MenuButton.h" />
		<Unit filename="include/MenuList.h" />
		<Unit filename="include/Pane.h" />
		<Unit filename="include/ToolKitArea.h" />
		<Unit filename="include/UIWidget.h" />
		<Unit filename="include/WidgetContainer.h" />
		<Unit filename="main.cpp" />
		<Unit filename="src/LevelArea.cpp" />
		<Unit filename="src/MenuButton.cpp" />
		<Unit filename="src/MenuList.cpp" />
		<Unit filename="src/Pane.cpp" />
		<Unit filename="src/ToolKitArea.cpp" />
		<Unit filename="src/UIWidget.cpp" />
		<Unit filename="src/WidgetContainer.cpp" />
		<Extensions />
	</Project>
</CodeBlocks_project_file>
